
Microsoft Visual Studio Solution File, Format Version 12.00
# Visual Studio Version 17
VisualStudioVersion = 17.10.35027.167
MinimumVisualStudioVersion = 10.0.40219.1
Project("{FAE04EC0-301F-11D3-BF4B-00C04F79EFBC}") = "Hafta4_Kapanis", "Hafta4_Kapanis\Hafta4_Kapanis.csproj", "{244EA616-5F83-4C5F-BBFB-B28311D49A1C}"
EndProject
Global
	GlobalSection(SolutionConfigurationPlatforms) = preSolution
		Debug|Any CPU = Debug|Any CPU
		Release|Any CPU = Release|Any CPU
	EndGlobalSection
	GlobalSection(ProjectConfigurationPlatforms) = postSolution
		{244EA616-5F83-4C5F-BBFB-B28311D49A1C}.Debug|Any CPU.ActiveCfg = Debug|Any CPU
		{244EA616-5F83-4C5F-BBFB-B28311D49A1C}.Debug|Any CPU.Build.0 = Debug|Any CPU
		{244EA616-5F83-4C5F-BBFB-B28311D49A1C}.Release|Any CPU.ActiveCfg = Release|Any CPU
		{244EA616-5F83-4C5F-BBFB-B28311D49A1C}.Release|Any CPU.Build.0 = Release|Any CPU
	EndGlobalSection
	GlobalSection(SolutionProperties) = preSolution
		HideSolutionNode = FALSE
	EndGlobalSection
	GlobalSection(ExtensibilityGlobals) = postSolution
		SolutionGuid = {B8AD9C3F-1858-470E-A9A2-198F4158FFBC}
	EndGlobalSection
EndGlobal
